
Microsoft Visual Studio Solution File, Format Version 12.00
# Visual Studio Version 17
VisualStudioVersion = 17.5.33424.131
MinimumVisualStudioVersion = 10.0.40219.1
Project("{FAE04EC0-301F-11D3-BF4B-00C04F79EFBC}") = "WebShop", "WebShop\WebShop.csproj", "{919A51C6-697F-41A1-A7F0-E88B4A01BFEF}"
EndProject
Global
	GlobalSection(SolutionConfigurationPlatforms) = preSolution
		Debug|Any CPU = Debug|Any CPU
		Release|Any CPU = Release|Any CPU
	EndGlobalSection
	GlobalSection(ProjectConfigurationPlatforms) = postSolution
		{919A51C6-697F-41A1-A7F0-E88B4A01BFEF}.Debug|Any CPU.ActiveCfg = Debug|Any CPU
		{919A51C6-697F-41A1-A7F0-E88B4A01BFEF}.Debug|Any CPU.Build.0 = Debug|Any CPU
		{919A51C6-697F-41A1-A7F0-E88B4A01BFEF}.Release|Any CPU.ActiveCfg = Release|Any CPU
		{919A51C6-697F-41A1-A7F0-E88B4A01BFEF}.Release|Any CPU.Build.0 = Release|Any CPU
	EndGlobalSection
	GlobalSection(SolutionProperties) = preSolution
		HideSolutionNode = FALSE
	EndGlobalSection
	GlobalSection(ExtensibilityGlobals) = postSolution
		SolutionGuid = {CD450BB5-CF60-42AA-B136-598E89C0D90A}
	EndGlobalSection
EndGlobal
